rule_id: 32dc6665-f79c-47c0-bf0c-e6d8fa2da52f
name: "New Windows Firewall Rule Added Via New-NetFirewallRule Cmdlet - ScriptBlock"
description: |
  Detects PowerShell Script Block Logging events where a script invokes New-NetFirewallRule with an Allow action.
  Attackers may add permissive firewall rules to enable inbound access, lateral movement, or persistence, or to
  facilitate ransomware operations.
  Requirements: PowerShell Script Block Logging must be enabled.
  False positives: Administrator scripts, endpoint management tooling, legitimate application installation.
  Triage: Review the full script block for rule parameters (Direction, LocalPort, RemoteAddress, Program/Service),
  identify the initiating user and parent process, and correlate with other firewall changes (Set/Remove-NetFirewallRule),
  new listening services, suspicious network connections, or post-exploitation activity.
type: esql
params: "{}"
schedule_interval: 10m
index:
  - logs-winlog*
query_language: esql
query: |
  FROM logs-winlog*
    // PowerShell Script Block Logging
    | WHERE winlog.channel == "Microsoft-Windows-PowerShell/Operational"
    | WHERE event.code == "4104"
    // New-NetFirewallRule va Allow action aniqlash
    | WHERE winlog.event_data.ScriptBlockText RLIKE "(?i).*New-NetFirewallRule.*"
      AND winlog.event_data.ScriptBlockText RLIKE "(?i).*-Action[ \t]+Allow.*"
    // Vaqt konteksti
    | EVAL hour_of_day    = DATE_EXTRACT("HOUR_OF_DAY", @timestamp)
    | EVAL is_after_hours = CASE(hour_of_day < 7 OR hour_of_day > 20, 1, 0)
    | STATS
        event_count      = COUNT(*),
        users            = VALUES(winlog.event_data.SubjectUserName),
        processes        = VALUES(winlog.event_data.ProcessName),
        script_blocks    = VALUES(winlog.event_data.ScriptBlockText),
        script_paths     = VALUES(winlog.event_data.ScriptPath),
        pipe_ids         = VALUES(winlog.event_data.PipelineId),
        after_hours_hits = SUM(is_after_hours)
    BY
        agent_id,
        host.name,
        bucket = DATE_TRUNC(20 minutes, @timestamp)
    | WHERE event_count >= 1
    | EVAL risk_score = event_count * 20 + after_hours_hits * 15
    | WHERE risk_score >= 20
    | KEEP
        agent_id,
        bucket,
        host.name,
        event_count,
        users,
        processes,
        script_blocks,
        script_paths,
        pipe_ids,
        after_hours_hits,
        risk_score
    | SORT risk_score DESC
enabled: true
tags:
  - attack.defense-evasion
  - attack.t1562.004
  - detection.threat-hunting
severity: low
risk_score: 35
references:
  - "https://github.com/redcanaryco/atomic-red-team/blob/master/atomics/T1562.004/T1562.004.md#atomic-test-24---set-a-firewall-rule-using-new-netfirewallrule"
  - "https://malware.news/t/the-rhysida-ransomware-activity-analysis-and-ties-to-vice-society/72170"
  - "https://cybersecuritynews.com/rhysida-ransomware-attacking-windows/"
nist: ["SC-7", "CM-6", "AU-6", "SI-4"]
pci_dss: ["1.1", "10.2"]
mitre_attack:
  TA0005:
    T1562: ["T1562.004"]
